
Microsoft Visual Studio Solution File, Format Version 12.00
# Visual Studio 15
Project("{FAE04EC0-301F-11D3-BF4B-00C04F79EFBC}") = "ATM", "ATM\ATM.csproj", "{359A067F-2EDD-425F-B51A-7721234C0A9D}"
EndProject
Global
	GlobalSection(SolutionConfigurationPlatforms) = preSolution
		Debug|Any CPU = Debug|Any CPU
		Release|Any CPU = Release|Any CPU
	EndGlobalSection
	GlobalSection(ProjectConfigurationPlatforms) = postSolution
		{359A067F-2EDD-425F-B51A-7721234C0A9D}.Debug|Any CPU.ActiveCfg = Debug|Any CPU
		{359A067F-2EDD-425F-B51A-7721234C0A9D}.Debug|Any CPU.Build.0 = Debug|Any CPU
		{359A067F-2EDD-425F-B51A-7721234C0A9D}.Release|Any CPU.ActiveCfg = Release|Any CPU
		{359A067F-2EDD-425F-B51A-7721234C0A9D}.Release|Any CPU.Build.0 = Release|Any CPU
	EndGlobalSection
EndGlobal
